
Microsoft Visual Studio Solution File, Format Version 12.00
# Visual Studio Version 17
VisualStudioVersion = 17.4.33205.214
MinimumVisualStudioVersion = 10.0.40219.1
Project("{FAE04EC0-301F-11D3-BF4B-00C04F79EFBC}") = "_API_", "_API_\_API_.csproj", "{81F0209F-9698-4C5F-BCA4-889F3FDBAEC4}"
EndProject
Project("{2150E333-8FDC-42A3-9474-1A3956D46DE8}") = "Entities", "Entities", "{EF4E76A1-7826-4C68-B302-5BF45D614027}"
EndProject
Project("{FAE04EC0-301F-11D3-BF4B-00C04F79EFBC}") = "Entities", "Entities\Entities.csproj", "{28471741-8861-441A-BC81-8EE830142A7A}"
EndProject
Project("{2150E333-8FDC-42A3-9474-1A3956D46DE8}") = "Logic", "Logic", "{6BEAA826-6D6C-4766-8E39-F7F671B076A4}"
EndProject
Project("{2150E333-8FDC-42A3-9474-1A3956D46DE8}") = "Logic", "Logic", "{4058F500-9ACA-4C09-83D7-162B1016619A}"
EndProject
Project("{2150E333-8FDC-42A3-9474-1A3956D46DE8}") = "ILogic", "ILogic", "{8B91CA35-4690-4C56-910B-793E550835E6}"
EndProject
Project("{FAE04EC0-301F-11D3-BF4B-00C04F79EFBC}") = "ILogic", "ILogic\ILogic.csproj", "{A00032B7-9C8A-46D2-B9E5-FD3BEFCD3646}"
EndProject
Project("{FAE04EC0-301F-11D3-BF4B-00C04F79EFBC}") = "Logic", "Logic\Logic.csproj", "{A4D943C4-D266-4E8F-98D2-AC58B13F2C5D}"
EndProject
Project("{2150E333-8FDC-42A3-9474-1A3956D46DE8}") = "Data", "Data", "{62B776DE-BC0D-4997-BFB6-FA2C5A49053C}"
EndProject
Project("{FAE04EC0-301F-11D3-BF4B-00C04F79EFBC}") = "Data", "Data\Data.csproj", "{BE6C01B6-A776-4FFC-B80A-BD2A0669E2E3}"
EndProject
Global
	GlobalSection(SolutionConfigurationPlatforms) = preSolution
		Debug|Any CPU = Debug|Any CPU
		Release|Any CPU = Release|Any CPU
	EndGlobalSection
	GlobalSection(ProjectConfigurationPlatforms) = postSolution
		{81F0209F-9698-4C5F-BCA4-889F3FDBAEC4}.Debug|Any CPU.ActiveCfg = Debug|Any CPU
		{81F0209F-9698-4C5F-BCA4-889F3FDBAEC4}.Debug|Any CPU.Build.0 = Debug|Any CPU
		{81F0209F-9698-4C5F-BCA4-889F3FDBAEC4}.Release|Any CPU.ActiveCfg = Release|Any CPU
		{81F0209F-9698-4C5F-BCA4-889F3FDBAEC4}.Release|Any CPU.Build.0 = Release|Any CPU
		{28471741-8861-441A-BC81-8EE830142A7A}.Debug|Any CPU.ActiveCfg = Debug|Any CPU
		{28471741-8861-441A-BC81-8EE830142A7A}.Debug|Any CPU.Build.0 = Debug|Any CPU
		{28471741-8861-441A-BC81-8EE830142A7A}.Release|Any CPU.ActiveCfg = Release|Any CPU
		{28471741-8861-441A-BC81-8EE830142A7A}.Release|Any CPU.Build.0 = Release|Any CPU
		{A00032B7-9C8A-46D2-B9E5-FD3BEFCD3646}.Debug|Any CPU.ActiveCfg = Debug|Any CPU
		{A00032B7-9C8A-46D2-B9E5-FD3BEFCD3646}.Debug|Any CPU.Build.0 = Debug|Any CPU
		{A00032B7-9C8A-46D2-B9E5-FD3BEFCD3646}.Release|Any CPU.ActiveCfg = Release|Any CPU
		{A00032B7-9C8A-46D2-B9E5-FD3BEFCD3646}.Release|Any CPU.Build.0 = Release|Any CPU
		{A4D943C4-D266-4E8F-98D2-AC58B13F2C5D}.Debug|Any CPU.ActiveCfg = Debug|Any CPU
		{A4D943C4-D266-4E8F-98D2-AC58B13F2C5D}.Debug|Any CPU.Build.0 = Debug|Any CPU
		{A4D943C4-D266-4E8F-98D2-AC58B13F2C5D}.Release|Any CPU.ActiveCfg = Release|Any CPU
		{A4D943C4-D266-4E8F-98D2-AC58B13F2C5D}.Release|Any CPU.Build.0 = Release|Any CPU
		{BE6C01B6-A776-4FFC-B80A-BD2A0669E2E3}.Debug|Any CPU.ActiveCfg = Debug|Any CPU
		{BE6C01B6-A776-4FFC-B80A-BD2A0669E2E3}.Debug|Any CPU.Build.0 = Debug|Any CPU
		{BE6C01B6-A776-4FFC-B80A-BD2A0669E2E3}.Release|Any CPU.ActiveCfg = Release|Any CPU
		{BE6C01B6-A776-4FFC-B80A-BD2A0669E2E3}.Release|Any CPU.Build.0 = Release|Any CPU
	EndGlobalSection
	GlobalSection(SolutionProperties) = preSolution
		HideSolutionNode = FALSE
	EndGlobalSection
	GlobalSection(NestedProjects) = preSolution
		{28471741-8861-441A-BC81-8EE830142A7A} = {EF4E76A1-7826-4C68-B302-5BF45D614027}
		{4058F500-9ACA-4C09-83D7-162B1016619A} = {6BEAA826-6D6C-4766-8E39-F7F671B076A4}
		{8B91CA35-4690-4C56-910B-793E550835E6} = {6BEAA826-6D6C-4766-8E39-F7F671B076A4}
		{A00032B7-9C8A-46D2-B9E5-FD3BEFCD3646} = {8B91CA35-4690-4C56-910B-793E550835E6}
		{A4D943C4-D266-4E8F-98D2-AC58B13F2C5D} = {4058F500-9ACA-4C09-83D7-162B1016619A}
		{BE6C01B6-A776-4FFC-B80A-BD2A0669E2E3} = {62B776DE-BC0D-4997-BFB6-FA2C5A49053C}
	EndGlobalSection
	GlobalSection(ExtensibilityGlobals) = postSolution
		SolutionGuid = {DFB83109-1EBF-4486-A03A-D32987010D7C}
	EndGlobalSection
EndGlobal
